
Microsoft Visual Studio Solution File, Format Version 12.00
# Visual Studio Version 17
VisualStudioVersion = 17.10.35122.118
MinimumVisualStudioVersion = 10.0.40219.1
Project("{9A19103F-16F7-4668-BE54-9A1E7A4F7556}") = "ConsoleApp1", "ConsoleApp1.csproj", "{584AC0C6-31FE-45C3-A9B6-4BBDEF762D2F}"
EndProject
Global
	GlobalSection(SolutionConfigurationPlatforms) = preSolution
		Debug|Any CPU = Debug|Any CPU
		Release|Any CPU = Release|Any CPU
	EndGlobalSection
	GlobalSection(ProjectConfigurationPlatforms) = postSolution
		{584AC0C6-31FE-45C3-A9B6-4BBDEF762D2F}.Debug|Any CPU.ActiveCfg = Debug|Any CPU
		{584AC0C6-31FE-45C3-A9B6-4BBDEF762D2F}.Debug|Any CPU.Build.0 = Debug|Any CPU
		{584AC0C6-31FE-45C3-A9B6-4BBDEF762D2F}.Release|Any CPU.ActiveCfg = Release|Any CPU
		{584AC0C6-31FE-45C3-A9B6-4BBDEF762D2F}.Release|Any CPU.Build.0 = Release|Any CPU
	EndGlobalSection
	GlobalSection(SolutionProperties) = preSolution
		HideSolutionNode = FALSE
	EndGlobalSection
	GlobalSection(ExtensibilityGlobals) = postSolution
		SolutionGuid = {B5BBC833-F2D6-490B-AD23-1589CD1D2D4D}
	EndGlobalSection
EndGlobal
